
Microsoft Visual Studio Solution File, Format Version 12.00
# Visual Studio 15
VisualStudioVersion = 15.0.27130.2010
MinimumVisualStudioVersion = 10.0.40219.1
Project("{FAE04EC0-301F-11D3-BF4B-00C04F79EFBC}") = "PrivateWin10", "PrivateWin10\PrivateWin10.csproj", "{7FEBF4F6-28D9-4A8F-B876-2B5C9603480F}"
EndProject
Project("{2150E333-8FDC-42A3-9474-1A3956D46DE8}") = "Solution Items", "Solution Items", "{63DEFD3C-663C-45E6-B325-7630B398D543}"
	ProjectSection(SolutionItems) = preProject
		CHANGELOG.md = CHANGELOG.md
		TODO.md = TODO.md
	EndProjectSection
EndProject
Project("{FAE04EC0-301F-11D3-BF4B-00C04F79EFBC}") = "LocalPolicy", "LocalPolicy\LocalPolicy.csproj", "{52BD99E0-0865-4F2C-9A65-0D2F9D1A8982}"
EndProject
Project("{FAE04EC0-301F-11D3-BF4B-00C04F79EFBC}") = "QLicense", "QLicense\Core\QLicense\QLicense.csproj", "{1980E43F-C5E4-4A2B-95A6-1AEBDC7EE2B7}"
EndProject
Project("{2150E333-8FDC-42A3-9474-1A3956D46DE8}") = "Licensing", "Licensing", "{A00487FA-5DAD-4B77-AB85-96E3CEA029FF}"
EndProject
Project("{FAE04EC0-301F-11D3-BF4B-00C04F79EFBC}") = "ActivationControls4Win", "QLicense\Core\ActivationControls4Win\ActivationControls4Win.csproj", "{DDF06EAC-02DF-4BDA-A883-98B856BC1765}"
EndProject
Project("{2150E333-8FDC-42A3-9474-1A3956D46DE8}") = "Core", "Core", "{01892473-9296-484A-9462-28058E18A902}"
EndProject
Project("{2150E333-8FDC-42A3-9474-1A3956D46DE8}") = "Test", "Test", "{AE0BA449-2AEF-4B99-B7E3-6E8E17D9B508}"
EndProject
Project("{FAE04EC0-301F-11D3-BF4B-00C04F79EFBC}") = "ActivationTool", "QLicense\Test\ActivationTool\ActivationTool.csproj", "{78EEE9FA-0910-4624-943E-8C4D7182E9F8}"
EndProject
Project("{8BC9CEB8-8B4A-11D0-8D11-00A0C91BC942}") = "Microsoft.O365.Security.Native.ETW", "ETW\O365.Security.Native.ETW\O365.Security.Native.ETW.vcxproj", "{ED4E6027-541F-440A-A5EE-15DBB7B89423}"
EndProject
Global
	GlobalSection(SolutionConfigurationPlatforms) = preSolution
		Debug|Any CPU = Debug|Any CPU
		Debug|x64 = Debug|x64
		Debug|x86 = Debug|x86
		DebugSigning|Any CPU = DebugSigning|Any CPU
		DebugSigning|x64 = DebugSigning|x64
		DebugSigning|x86 = DebugSigning|x86
		Release|Any CPU = Release|Any CPU
		Release|x64 = Release|x64
		Release|x86 = Release|x86
		ReleaseSigning|Any CPU = ReleaseSigning|Any CPU
		ReleaseSigning|x64 = ReleaseSigning|x64
		ReleaseSigning|x86 = ReleaseSigning|x86
	EndGlobalSection
	GlobalSection(ProjectConfigurationPlatforms) = postSolution
		{7FEBF4F6-28D9-4A8F-B876-2B5C9603480F}.Debug|Any CPU.ActiveCfg = Debug|Any CPU
		{7FEBF4F6-28D9-4A8F-B876-2B5C9603480F}.Debug|Any CPU.Build.0 = Debug|Any CPU
		{7FEBF4F6-28D9-4A8F-B876-2B5C9603480F}.Debug|x64.ActiveCfg = Debug|Any CPU
		{7FEBF4F6-28D9-4A8F-B876-2B5C9603480F}.Debug|x64.Build.0 = Debug|Any CPU
		{7FEBF4F6-28D9-4A8F-B876-2B5C9603480F}.Debug|x86.ActiveCfg = Debug|Any CPU
		{7FEBF4F6-28D9-4A8F-B876-2B5C9603480F}.Debug|x86.Build.0 = Debug|Any CPU
		{7FEBF4F6-28D9-4A8F-B876-2B5C9603480F}.DebugSigning|Any CPU.ActiveCfg = Debug|Any CPU
		{7FEBF4F6-28D9-4A8F-B876-2B5C9603480F}.DebugSigning|Any CPU.Build.0 = Debug|Any CPU
		{7FEBF4F6-28D9-4A8F-B876-2B5C9603480F}.DebugSigning|x64.ActiveCfg = Debug|Any CPU
		{7FEBF4F6-28D9-4A8F-B876-2B5C9603480F}.DebugSigning|x64.Build.0 = Debug|Any CPU
		{7FEBF4F6-28D9-4A8F-B876-2B5C9603480F}.DebugSigning|x86.ActiveCfg = Debug|Any CPU
		{7FEBF4F6-28D9-4A8F-B876-2B5C9603480F}.DebugSigning|x86.Build.0 = Debug|Any CPU
		{7FEBF4F6-28D9-4A8F-B876-2B5C9603480F}.Release|Any CPU.ActiveCfg = Release|Any CPU
		{7FEBF4F6-28D9-4A8F-B876-2B5C9603480F}.Release|Any CPU.Build.0 = Release|Any CPU
		{7FEBF4F6-28D9-4A8F-B876-2B5C9603480F}.Release|x64.ActiveCfg = Release|Any CPU
		{7FEBF4F6-28D9-4A8F-B876-2B5C9603480F}.Release|x64.Build.0 = Release|Any CPU
		{7FEBF4F6-28D9-4A8F-B876-2B5C9603480F}.Release|x86.ActiveCfg = Release|Any CPU
		{7FEBF4F6-28D9-4A8F-B876-2B5C9603480F}.Release|x86.Build.0 = Release|Any CPU
		{7FEBF4F6-28D9-4A8F-B876-2B5C9603480F}.ReleaseSigning|Any CPU.ActiveCfg = Release|Any CPU
		{7FEBF4F6-28D9-4A8F-B876-2B5C9603480F}.ReleaseSigning|Any CPU.Build.0 = Release|Any CPU
		{7FEBF4F6-28D9-4A8F-B876-2B5C9603480F}.ReleaseSigning|x64.ActiveCfg = Release|Any CPU
		{7FEBF4F6-28D9-4A8F-B876-2B5C9603480F}.ReleaseSigning|x64.Build.0 = Release|Any CPU
		{7FEBF4F6-28D9-4A8F-B876-2B5C9603480F}.ReleaseSigning|x86.ActiveCfg = Release|Any CPU
		{7FEBF4F6-28D9-4A8F-B876-2B5C9603480F}.ReleaseSigning|x86.Build.0 = Release|Any CPU
		{52BD99E0-0865-4F2C-9A65-0D2F9D1A8982}.Debug|Any CPU.ActiveCfg = Debug|x86
		{52BD99E0-0865-4F2C-9A65-0D2F9D1A8982}.Debug|x64.ActiveCfg = Debug|x86
		{52BD99E0-0865-4F2C-9A65-0D2F9D1A8982}.Debug|x86.ActiveCfg = Debug|x86
		{52BD99E0-0865-4F2C-9A65-0D2F9D1A8982}.Debug|x86.Build.0 = Debug|x86
		{52BD99E0-0865-4F2C-9A65-0D2F9D1A8982}.DebugSigning|Any CPU.ActiveCfg = Release|x86
		{52BD99E0-0865-4F2C-9A65-0D2F9D1A8982}.DebugSigning|Any CPU.Build.0 = Release|x86
		{52BD99E0-0865-4F2C-9A65-0D2F9D1A8982}.DebugSigning|x64.ActiveCfg = Release|x86
		{52BD99E0-0865-4F2C-9A65-0D2F9D1A8982}.DebugSigning|x64.Build.0 = Release|x86
		{52BD99E0-0865-4F2C-9A65-0D2F9D1A8982}.DebugSigning|x86.ActiveCfg = Debug|x86
		{52BD99E0-0865-4F2C-9A65-0D2F9D1A8982}.DebugSigning|x86.Build.0 = Debug|x86
		{52BD99E0-0865-4F2C-9A65-0D2F9D1A8982}.Release|Any CPU.ActiveCfg = Release|x86
		{52BD99E0-0865-4F2C-9A65-0D2F9D1A8982}.Release|x64.ActiveCfg = Release|x86
		{52BD99E0-0865-4F2C-9A65-0D2F9D1A8982}.Release|x86.ActiveCfg = Release|x86
		{52BD99E0-0865-4F2C-9A65-0D2F9D1A8982}.Release|x86.Build.0 = Release|x86
		{52BD99E0-0865-4F2C-9A65-0D2F9D1A8982}.ReleaseSigning|Any CPU.ActiveCfg = Release|x86
		{52BD99E0-0865-4F2C-9A65-0D2F9D1A8982}.ReleaseSigning|Any CPU.Build.0 = Release|x86
		{52BD99E0-0865-4F2C-9A65-0D2F9D1A8982}.ReleaseSigning|x64.ActiveCfg = Release|x86
		{52BD99E0-0865-4F2C-9A65-0D2F9D1A8982}.ReleaseSigning|x64.Build.0 = Release|x86
		{52BD99E0-0865-4F2C-9A65-0D2F9D1A8982}.ReleaseSigning|x86.ActiveCfg = Release|x86
		{52BD99E0-0865-4F2C-9A65-0D2F9D1A8982}.ReleaseSigning|x86.Build.0 = Release|x86
		{1980E43F-C5E4-4A2B-95A6-1AEBDC7EE2B7}.Debug|Any CPU.ActiveCfg = Debug|Any CPU
		{1980E43F-C5E4-4A2B-95A6-1AEBDC7EE2B7}.Debug|Any CPU.Build.0 = Debug|Any CPU
		{1980E43F-C5E4-4A2B-95A6-1AEBDC7EE2B7}.Debug|x64.ActiveCfg = Debug|Any CPU
		{1980E43F-C5E4-4A2B-95A6-1AEBDC7EE2B7}.Debug|x64.Build.0 = Debug|Any CPU
		{1980E43F-C5E4-4A2B-95A6-1AEBDC7EE2B7}.Debug|x86.ActiveCfg = Debug|Any CPU
		{1980E43F-C5E4-4A2B-95A6-1AEBDC7EE2B7}.Debug|x86.Build.0 = Debug|Any CPU
		{1980E43F-C5E4-4A2B-95A6-1AEBDC7EE2B7}.DebugSigning|Any CPU.ActiveCfg = Debug|Any CPU
		{1980E43F-C5E4-4A2B-95A6-1AEBDC7EE2B7}.DebugSigning|Any CPU.Build.0 = Debug|Any CPU
		{1980E43F-C5E4-4A2B-95A6-1AEBDC7EE2B7}.DebugSigning|x64.ActiveCfg = Debug|Any CPU
		{1980E43F-C5E4-4A2B-95A6-1AEBDC7EE2B7}.DebugSigning|x64.Build.0 = Debug|Any CPU
		{1980E43F-C5E4-4A2B-95A6-1AEBDC7EE2B7}.DebugSigning|x86.ActiveCfg = Debug|Any CPU
		{1980E43F-C5E4-4A2B-95A6-1AEBDC7EE2B7}.DebugSigning|x86.Build.0 = Debug|Any CPU
		{1980E43F-C5E4-4A2B-95A6-1AEBDC7EE2B7}.Release|Any CPU.ActiveCfg = Release|Any CPU
		{1980E43F-C5E4-4A2B-95A6-1AEBDC7EE2B7}.Release|Any CPU.Build.0 = Release|Any CPU
		{1980E43F-C5E4-4A2B-95A6-1AEBDC7EE2B7}.Release|x64.ActiveCfg = Release|Any CPU
		{1980E43F-C5E4-4A2B-95A6-1AEBDC7EE2B7}.Release|x64.Build.0 = Release|Any CPU
		{1980E43F-C5E4-4A2B-95A6-1AEBDC7EE2B7}.Release|x86.ActiveCfg = Release|Any CPU
		{1980E43F-C5E4-4A2B-95A6-1AEBDC7EE2B7}.Release|x86.Build.0 = Release|Any CPU
		{1980E43F-C5E4-4A2B-95A6-1AEBDC7EE2B7}.ReleaseSigning|Any CPU.ActiveCfg = Release|Any CPU
		{1980E43F-C5E4-4A2B-95A6-1AEBDC7EE2B7}.ReleaseSigning|Any CPU.Build.0 = Release|Any CPU
		{1980E43F-C5E4-4A2B-95A6-1AEBDC7EE2B7}.ReleaseSigning|x64.ActiveCfg = Release|Any CPU
		{1980E43F-C5E4-4A2B-95A6-1AEBDC7EE2B7}.ReleaseSigning|x64.Build.0 = Release|Any CPU
		{1980E43F-C5E4-4A2B-95A6-1AEBDC7EE2B7}.ReleaseSigning|x86.ActiveCfg = Release|Any CPU
		{1980E43F-C5E4-4A2B-95A6-1AEBDC7EE2B7}.ReleaseSigning|x86.Build.0 = Release|Any CPU
		{DDF06EAC-02DF-4BDA-A883-98B856BC1765}.Debug|Any CPU.ActiveCfg = Debug|Any CPU
		{DDF06EAC-02DF-4BDA-A883-98B856BC1765}.Debug|Any CPU.Build.0 = Debug|Any CPU
		{DDF06EAC-02DF-4BDA-A883-98B856BC1765}.Debug|x64.ActiveCfg = Debug|Any CPU
		{DDF06EAC-02DF-4BDA-A883-98B856BC1765}.Debug|x64.Build.0 = Debug|Any CPU
		{DDF06EAC-02DF-4BDA-A883-98B856BC1765}.Debug|x86.ActiveCfg = Debug|Any CPU
		{DDF06EAC-02DF-4BDA-A883-98B856BC1765}.Debug|x86.Build.0 = Debug|Any CPU
		{DDF06EAC-02DF-4BDA-A883-98B856BC1765}.DebugSigning|Any CPU.ActiveCfg = Debug|Any CPU
		{DDF06EAC-02DF-4BDA-A883-98B856BC1765}.DebugSigning|Any CPU.Build.0 = Debug|Any CPU
		{DDF06EAC-02DF-4BDA-A883-98B856BC1765}.DebugSigning|x64.ActiveCfg = Debug|Any CPU
		{DDF06EAC-02DF-4BDA-A883-98B856BC1765}.DebugSigning|x64.Build.0 = Debug|Any CPU
		{DDF06EAC-02DF-4BDA-A883-98B856BC1765}.DebugSigning|x86.ActiveCfg = Debug|Any CPU
		{DDF06EAC-02DF-4BDA-A883-98B856BC1765}.DebugSigning|x86.Build.0 = Debug|Any CPU
		{DDF06EAC-02DF-4BDA-A883-98B856BC1765}.Release|Any CPU.ActiveCfg = Release|Any CPU
		{DDF06EAC-02DF-4BDA-A883-98B856BC1765}.Release|Any CPU.Build.0 = Release|Any CPU
		{DDF06EAC-02DF-4BDA-A883-98B856BC1765}.Release|x64.ActiveCfg = Release|Any CPU
		{DDF06EAC-02DF-4BDA-A883-98B856BC1765}.Release|x64.Build.0 = Release|Any CPU
		{DDF06EAC-02DF-4BDA-A883-98B856BC1765}.Release|x86.ActiveCfg = Release|Any CPU
		{DDF06EAC-02DF-4BDA-A883-98B856BC1765}.Release|x86.Build.0 = Release|Any CPU
		{DDF06EAC-02DF-4BDA-A883-98B856BC1765}.ReleaseSigning|Any CPU.ActiveCfg = Release|Any CPU
		{DDF06EAC-02DF-4BDA-A883-98B856BC1765}.ReleaseSigning|Any CPU.Build.0 = Release|Any CPU
		{DDF06EAC-02DF-4BDA-A883-98B856BC1765}.ReleaseSigning|x64.ActiveCfg = Release|Any CPU
		{DDF06EAC-02DF-4BDA-A883-98B856BC1765}.ReleaseSigning|x64.Build.0 = Release|Any CPU
		{DDF06EAC-02DF-4BDA-A883-98B856BC1765}.ReleaseSigning|x86.ActiveCfg = Release|Any CPU
		{DDF06EAC-02DF-4BDA-A883-98B856BC1765}.ReleaseSigning|x86.Build.0 = Release|Any CPU
		{78EEE9FA-0910-4624-943E-8C4D7182E9F8}.Debug|Any CPU.ActiveCfg = Debug|Any CPU
		{78EEE9FA-0910-4624-943E-8C4D7182E9F8}.Debug|Any CPU.Build.0 = Debug|Any CPU
		{78EEE9FA-0910-4624-943E-8C4D7182E9F8}.Debug|x64.ActiveCfg = Debug|Any CPU
		{78EEE9FA-0910-4624-943E-8C4D7182E9F8}.Debug|x64.Build.0 = Debug|Any CPU
		{78EEE9FA-0910-4624-943E-8C4D7182E9F8}.Debug|x86.ActiveCfg = Debug|Any CPU
		{78EEE9FA-0910-4624-943E-8C4D7182E9F8}.Debug|x86.Build.0 = Debug|Any CPU
		{78EEE9FA-0910-4624-943E-8C4D7182E9F8}.DebugSigning|Any CPU.ActiveCfg = Debug|Any CPU
		{78EEE9FA-0910-4624-943E-8C4D7182E9F8}.DebugSigning|Any CPU.Build.0 = Debug|Any CPU
		{78EEE9FA-0910-4624-943E-8C4D7182E9F8}.DebugSigning|x64.ActiveCfg = Debug|Any CPU
		{78EEE9FA-0910-4624-943E-8C4D7182E9F8}.DebugSigning|x64.Build.0 = Debug|Any CPU
		{78EEE9FA-0910-4624-943E-8C4D7182E9F8}.DebugSigning|x86.ActiveCfg = Debug|Any CPU
		{78EEE9FA-0910-4624-943E-8C4D7182E9F8}.DebugSigning|x86.Build.0 = Debug|Any CPU
		{78EEE9FA-0910-4624-943E-8C4D7182E9F8}.Release|Any CPU.ActiveCfg = Release|Any CPU
		{78EEE9FA-0910-4624-943E-8C4D7182E9F8}.Release|Any CPU.Build.0 = Release|Any CPU
		{78EEE9FA-0910-4624-943E-8C4D7182E9F8}.Release|x64.ActiveCfg = Release|Any CPU
		{78EEE9FA-0910-4624-943E-8C4D7182E9F8}.Release|x64.Build.0 = Release|Any CPU
		{78EEE9FA-0910-4624-943E-8C4D7182E9F8}.Release|x86.ActiveCfg = Release|Any CPU
		{78EEE9FA-0910-4624-943E-8C4D7182E9F8}.Release|x86.Build.0 = Release|Any CPU
		{78EEE9FA-0910-4624-943E-8C4D7182E9F8}.ReleaseSigning|Any CPU.ActiveCfg = Release|Any CPU
		{78EEE9FA-0910-4624-943E-8C4D7182E9F8}.ReleaseSigning|Any CPU.Build.0 = Release|Any CPU
		{78EEE9FA-0910-4624-943E-8C4D7182E9F8}.ReleaseSigning|x64.ActiveCfg = Release|Any CPU
		{78EEE9FA-0910-4624-943E-8C4D7182E9F8}.ReleaseSigning|x64.Build.0 = Release|Any CPU
		{78EEE9FA-0910-4624-943E-8C4D7182E9F8}.ReleaseSigning|x86.ActiveCfg = Release|Any CPU
		{78EEE9FA-0910-4624-943E-8C4D7182E9F8}.ReleaseSigning|x86.Build.0 = Release|Any CPU
		{ED4E6027-541F-440A-A5EE-15DBB7B89423}.Debug|Any CPU.ActiveCfg = Debug|x64
		{ED4E6027-541F-440A-A5EE-15DBB7B89423}.Debug|x64.ActiveCfg = Debug|x64
		{ED4E6027-541F-440A-A5EE-15DBB7B89423}.Debug|x64.Build.0 = Debug|x64
		{ED4E6027-541F-440A-A5EE-15DBB7B89423}.Debug|x86.ActiveCfg = Debug|x64
		{ED4E6027-541F-440A-A5EE-15DBB7B89423}.DebugSigning|Any CPU.ActiveCfg = DebugSigning|x64
		{ED4E6027-541F-440A-A5EE-15DBB7B89423}.DebugSigning|x64.ActiveCfg = DebugSigning|x64
		{ED4E6027-541F-440A-A5EE-15DBB7B89423}.DebugSigning|x64.Build.0 = DebugSigning|x64
		{ED4E6027-541F-440A-A5EE-15DBB7B89423}.DebugSigning|x86.ActiveCfg = DebugSigning|x64
		{ED4E6027-541F-440A-A5EE-15DBB7B89423}.Release|Any CPU.ActiveCfg = Release|x64
		{ED4E6027-541F-440A-A5EE-15DBB7B89423}.Release|x64.ActiveCfg = Release|x64
		{ED4E6027-541F-440A-A5EE-15DBB7B89423}.Release|x64.Build.0 = Release|x64
		{ED4E6027-541F-440A-A5EE-15DBB7B89423}.Release|x86.ActiveCfg = Release|x64
		{ED4E6027-541F-440A-A5EE-15DBB7B89423}.ReleaseSigning|Any CPU.ActiveCfg = ReleaseSigning|x64
		{ED4E6027-541F-440A-A5EE-15DBB7B89423}.ReleaseSigning|x64.ActiveCfg = ReleaseSigning|x64
		{ED4E6027-541F-440A-A5EE-15DBB7B89423}.ReleaseSigning|x64.Build.0 = ReleaseSigning|x64
		{ED4E6027-541F-440A-A5EE-15DBB7B89423}.ReleaseSigning|x86.ActiveCfg = ReleaseSigning|x64
	EndGlobalSection
	GlobalSection(SolutionProperties) = preSolution
		HideSolutionNode = FALSE
	EndGlobalSection
	GlobalSection(NestedProjects) = preSolution
		{1980E43F-C5E4-4A2B-95A6-1AEBDC7EE2B7} = {01892473-9296-484A-9462-28058E18A902}
		{DDF06EAC-02DF-4BDA-A883-98B856BC1765} = {01892473-9296-484A-9462-28058E18A902}
		{01892473-9296-484A-9462-28058E18A902} = {A00487FA-5DAD-4B77-AB85-96E3CEA029FF}
		{AE0BA449-2AEF-4B99-B7E3-6E8E17D9B508} = {A00487FA-5DAD-4B77-AB85-96E3CEA029FF}
		{78EEE9FA-0910-4624-943E-8C4D7182E9F8} = {AE0BA449-2AEF-4B99-B7E3-6E8E17D9B508}
	EndGlobalSection
	GlobalSection(ExtensibilityGlobals) = postSolution
		SolutionGuid = {522222D8-CA5A-41BB-BC5C-279DAA42FF63}
	EndGlobalSection
	GlobalSection(Performance) = preSolution
		HasPerformanceSessions = true
	EndGlobalSection
	GlobalSection(Performance) = preSolution
		HasPerformanceSessions = true
	EndGlobalSection
	GlobalSection(Performance) = preSolution
		HasPerformanceSessions = true
	EndGlobalSection
	GlobalSection(Performance) = preSolution
		HasPerformanceSessions = true
	EndGlobalSection
EndGlobal
